{
  "name": "Territory Planner",
  "lockfileVersion": 3,
  "requires": true,
  "packages": {
    "": {
      "dependencies": {
        "@types/topojson-specification": "^1.0.5"
      }
    },
    "node_modules/@types/geojson": {
      "version": "7946.0.16",
      "resolved": "https://registry.npmjs.org/@types/geojson/-/geojson-7946.0.16.tgz",
      "integrity": "sha512-6C8nqWur3j98U6+lXDfTUWIfgvZU+EumvpHKcYjujKH7woYyLj2sUmff0tRhrqM7BohUw7Pz3ZB1jj2gW9Fvmg==",
      "license": "MIT"
    },
    "node_modules/@types/topojson-specification": {
      "version": "1.0.5",
      "resolved": "https://registry.npmjs.org/@types/topojson-specification/-/topojson-specification-1.0.5.tgz",
      "integrity": "sha512-C7KvcQh+C2nr6Y2Ub4YfgvWvWCgP2nOQMtfhlnwsRL4pYmmwzBS7HclGiS87eQfDOU/DLQpX6GEscviaz4yLIQ==",
      "license": "MIT",
      "dependencies": {
        "@types/geojson": "*"
      }
    }
  }
}
